
Microsoft Visual Studio Solution File, Format Version 11.00
# Visual Studio 2010
Project("{8BC9CEB8-8B4A-11D0-8D11-00A0C91BC942}") = "QtWinSocketClient", "QtWinSocketClient\QtWinSocketClient.vcxproj", "{E5B35CB0-C51F-497B-8066-D23ED0442496}"
EndProject
Project("{8BC9CEB8-8B4A-11D0-8D11-00A0C91BC942}") = "QtWinSocketServer", "QtWinSocketServer\QtWinSocketServer.vcxproj", "{3B705B22-F357-4B78-B2A1-01764A894E00}"
EndProject
Global
	GlobalSection(SolutionConfigurationPlatforms) = preSolution
		Debug|Win32 = Debug|Win32
		Release|Win32 = Release|Win32
	EndGlobalSection
	GlobalSection(ProjectConfigurationPlatforms) = postSolution
		{E5B35CB0-C51F-497B-8066-D23ED0442496}.Debug|Win32.ActiveCfg = Debug|Win32
		{E5B35CB0-C51F-497B-8066-D23ED0442496}.Debug|Win32.Build.0 = Debug|Win32
		{E5B35CB0-C51F-497B-8066-D23ED0442496}.Release|Win32.ActiveCfg = Release|Win32
		{E5B35CB0-C51F-497B-8066-D23ED0442496}.Release|Win32.Build.0 = Release|Win32
		{3B705B22-F357-4B78-B2A1-01764A894E00}.Debug|Win32.ActiveCfg = Debug|Win32
		{3B705B22-F357-4B78-B2A1-01764A894E00}.Debug|Win32.Build.0 = Debug|Win32
		{3B705B22-F357-4B78-B2A1-01764A894E00}.Release|Win32.ActiveCfg = Release|Win32
		{3B705B22-F357-4B78-B2A1-01764A894E00}.Release|Win32.Build.0 = Release|Win32
	EndGlobalSection
	GlobalSection(SolutionProperties) = preSolution
		HideSolutionNode = FALSE
	EndGlobalSection
EndGlobal
